// !$*UTF8*$!
{
	archiveVersion = 1;
	classes = {
	};
	objectVersion = 56;
	objects = {

/* Begin PBXBuildFile section */
		E90118432AEB09FE00C30CD9 /* DetectImageSimilaritiesApp.swift in Sources */ = {isa = PBXBuildFile; fileRef = E90118422AEB09FE00C30CD9 /* DetectImageSimilaritiesApp.swift */; };
		E90118452AEB09FE00C30CD9 /* PhotoCollectionView.swift in Sources */ = {isa = PBXBuildFile; fileRef = E90118442AEB09FE00C30CD9 /* PhotoCollectionView.swift */; };
		E90118472AEB09FF00C30CD9 /* Assets.xcassets in Resources */ = {isa = PBXBuildFile; fileRef = E90118462AEB09FF00C30CD9 /* Assets.xcassets */; };
		E901184A2AEB09FF00C30CD9 /* Preview Assets.xcassets in Resources */ = {isa = PBXBuildFile; fileRef = E90118492AEB09FF00C30CD9 /* Preview Assets.xcassets */; };
		E95FEA3A2AEDB54C003BB115 /* PhotoAssetModel.swift in Sources */ = {isa = PBXBuildFile; fileRef = E95FEA392AEDB54C003BB115 /* PhotoAssetModel.swift */; };
		E98CA68D2AEC4AEE00BC95BC /* PhotoCollectionViewModel.swift in Sources */ = {isa = PBXBuildFile; fileRef = E98CA68C2AEC4AEE00BC95BC /* PhotoCollectionViewModel.swift */; };
		E98CA6912AEC572E00BC95BC /* PermissionProtocol.swift in Sources */ = {isa = PBXBuildFile; fileRef = E98CA6902AEC572E00BC95BC /* PermissionProtocol.swift */; };
		E98CA6932AEC575E00BC95BC /* PhotosPermission.swift in Sources */ = {isa = PBXBuildFile; fileRef = E98CA6922AEC575E00BC95BC /* PhotosPermission.swift */; };
		E9A2E7CE2AFC20A700323ECD /* ImageProcessModel.swift in Sources */ = {isa = PBXBuildFile; fileRef = E9A2E7CD2AFC20A700323ECD /* ImageProcessModel.swift */; };
		E9A7F9AC2B00131900BE1119 /* Extension+Array.swift in Sources */ = {isa = PBXBuildFile; fileRef = E9A7F9AB2B00131900BE1119 /* Extension+Array.swift */; };
		E9D991462B02B8F7006EB256 /* ImageModel.swift in Sources */ = {isa = PBXBuildFile; fileRef = E9D991452B02B8F7006EB256 /* ImageModel.swift */; };
		E9D991492B02BAB9006EB256 /* ProcessingState.swift in Sources */ = {isa = PBXBuildFile; fileRef = E9D991482B02BAB9006EB256 /* ProcessingState.swift */; };
		E9D9914B2B02BAD6006EB256 /* AuthorizationStatus.swift in Sources */ = {isa = PBXBuildFile; fileRef = E9D9914A2B02BAD6006EB256 /* AuthorizationStatus.swift */; };
/* End PBXBuildFile section */

/* Begin PBXFileReference section */
		E901183F2AEB09FE00C30CD9 /* DetectImageSimilarities.app */ = {isa = PBXFileReference; explicitFileType = wrapper.application; includeInIndex = 0; path = DetectImageSimilarities.app; sourceTree = BUILT_PRODUCTS_DIR; };
		E90118422AEB09FE00C30CD9 /* DetectImageSimilaritiesApp.swift */ = {isa = PBXFileReference; lastKnownFileType = sourcecode.swift; path = DetectImageSimilaritiesApp.swift; sourceTree = "<group>"; };
		E90118442AEB09FE00C30CD9 /* PhotoCollectionView.swift */ = {isa = PBXFileReference; lastKnownFileType = sourcecode.swift; path = PhotoCollectionView.swift; sourceTree = "<group>"; };
		E90118462AEB09FF00C30CD9 /* Assets.xcassets */ = {isa = PBXFileReference; lastKnownFileType = folder.assetcatalog; path = Assets.xcassets; sourceTree = "<group>"; };
		E90118492AEB09FF00C30CD9 /* Preview Assets.xcassets */ = {isa = PBXFileReference; lastKnownFileType = folder.assetcatalog; path = "Preview Assets.xcassets"; sourceTree = "<group>"; };
		E95FEA392AEDB54C003BB115 /* PhotoAssetModel.swift */ = {isa = PBXFileReference; lastKnownFileType = sourcecode.swift; path = PhotoAssetModel.swift; sourceTree = "<group>"; };
		E98CA68C2AEC4AEE00BC95BC /* PhotoCollectionViewModel.swift */ = {isa = PBXFileReference; lastKnownFileType = sourcecode.swift; path = PhotoCollectionViewModel.swift; sourceTree = "<group>"; };
		E98CA6902AEC572E00BC95BC /* PermissionProtocol.swift */ = {isa = PBXFileReference; lastKnownFileType = sourcecode.swift; path = PermissionProtocol.swift; sourceTree = "<group>"; };
		E98CA6922AEC575E00BC95BC /* PhotosPermission.swift */ = {isa = PBXFileReference; lastKnownFileType = sourcecode.swift; path = PhotosPermission.swift; sourceTree = "<group>"; };
		E9A2E7CD2AFC20A700323ECD /* ImageProcessModel.swift */ = {isa = PBXFileReference; lastKnownFileType = sourcecode.swift; path = ImageProcessModel.swift; sourceTree = "<group>"; };
		E9A7F9AB2B00131900BE1119 /* Extension+Array.swift */ = {isa = PBXFileReference; lastKnownFileType = sourcecode.swift; path = "Extension+Array.swift"; sourceTree = "<group>"; };
		E9D991452B02B8F7006EB256 /* ImageModel.swift */ = {isa = PBXFileReference; lastKnownFileType = sourcecode.swift; path = ImageModel.swift; sourceTree = "<group>"; };
		E9D991482B02BAB9006EB256 /* ProcessingState.swift */ = {isa = PBXFileReference; lastKnownFileType = sourcecode.swift; path = ProcessingState.swift; sourceTree = "<group>"; };
		E9D9914A2B02BAD6006EB256 /* AuthorizationStatus.swift */ = {isa = PBXFileReference; lastKnownFileType = sourcecode.swift; path = AuthorizationStatus.swift; sourceTree = "<group>"; };
/* End PBXFileReference section */

/* Begin PBXFrameworksBuildPhase section */
		E901183C2AEB09FE00C30CD9 /* Frameworks */ = {
			isa = PBXFrameworksBuildPhase;
			buildActionMask = 2147483647;
			files = (
			);
			runOnlyForDeploymentPostprocessing = 0;
		};
/* End PBXFrameworksBuildPhase section */

/* Begin PBXGroup section */
		E90118362AEB09FE00C30CD9 = {
			isa = PBXGroup;
			children = (
				E90118412AEB09FE00C30CD9 /* DetectImageSimilarities */,
				E90118402AEB09FE00C30CD9 /* Products */,
			);
			sourceTree = "<group>";
		};
		E90118402AEB09FE00C30CD9 /* Products */ = {
			isa = PBXGroup;
			children = (
				E901183F2AEB09FE00C30CD9 /* DetectImageSimilarities.app */,
			);
			name = Products;
			sourceTree = "<group>";
		};
		E90118412AEB09FE00C30CD9 /* DetectImageSimilarities */ = {
			isa = PBXGroup;
			children = (
				E95FEA382AEDB539003BB115 /* Model */,
				E98CA68E2AEC56A200BC95BC /* Utility */,
				E98CA68A2AEC4AB500BC95BC /* Screen */,
				E90118422AEB09FE00C30CD9 /* DetectImageSimilaritiesApp.swift */,
				E90118462AEB09FF00C30CD9 /* Assets.xcassets */,
				E90118482AEB09FF00C30CD9 /* Preview Content */,
			);
			path = DetectImageSimilarities;
			sourceTree = "<group>";
		};
		E90118482AEB09FF00C30CD9 /* Preview Content */ = {
			isa = PBXGroup;
			children = (
				E90118492AEB09FF00C30CD9 /* Preview Assets.xcassets */,
			);
			path = "Preview Content";
			sourceTree = "<group>";
		};
		E95FEA382AEDB539003BB115 /* Model */ = {
			isa = PBXGroup;
			children = (
				E9D991472B02BAB1006EB256 /* Enum */,
				E95FEA392AEDB54C003BB115 /* PhotoAssetModel.swift */,
				E9A2E7CD2AFC20A700323ECD /* ImageProcessModel.swift */,
				E9D991452B02B8F7006EB256 /* ImageModel.swift */,
			);
			path = Model;
			sourceTree = "<group>";
		};
		E98CA68A2AEC4AB500BC95BC /* Screen */ = {
			isa = PBXGroup;
			children = (
				E98CA68B2AEC4ADB00BC95BC /* Main */,
			);
			path = Screen;
			sourceTree = "<group>";
		};
		E98CA68B2AEC4ADB00BC95BC /* Main */ = {
			isa = PBXGroup;
			children = (
				E90118442AEB09FE00C30CD9 /* PhotoCollectionView.swift */,
				E98CA68C2AEC4AEE00BC95BC /* PhotoCollectionViewModel.swift */,
			);
			path = Main;
			sourceTree = "<group>";
		};
		E98CA68E2AEC56A200BC95BC /* Utility */ = {
			isa = PBXGroup;
			children = (
				E9A7F9AA2B00130A00BE1119 /* Extension */,
				E98CA68F2AEC56CF00BC95BC /* Permission */,
			);
			path = Utility;
			sourceTree = "<group>";
		};
		E98CA68F2AEC56CF00BC95BC /* Permission */ = {
			isa = PBXGroup;
			children = (
				E98CA6902AEC572E00BC95BC /* PermissionProtocol.swift */,
				E98CA6922AEC575E00BC95BC /* PhotosPermission.swift */,
			);
			path = Permission;
			sourceTree = "<group>";
		};
		E9A7F9AA2B00130A00BE1119 /* Extension */ = {
			isa = PBXGroup;
			children = (
				E9A7F9AB2B00131900BE1119 /* Extension+Array.swift */,
			);
			path = Extension;
			sourceTree = "<group>";
		};
		E9D991472B02BAB1006EB256 /* Enum */ = {
			isa = PBXGroup;
			children = (
				E9D991482B02BAB9006EB256 /* ProcessingState.swift */,
				E9D9914A2B02BAD6006EB256 /* AuthorizationStatus.swift */,
			);
			path = Enum;
			sourceTree = "<group>";
		};
/* End PBXGroup section */

/* Begin PBXNativeTarget section */
		E901183E2AEB09FE00C30CD9 /* DetectImageSimilarities */ = {
			isa = PBXNativeTarget;
			buildConfigurationList = E901184D2AEB09FF00C30CD9 /* Build configuration list for PBXNativeTarget "DetectImageSimilarities" */;
			buildPhases = (
				E901183B2AEB09FE00C30CD9 /* Sources */,
				E901183C2AEB09FE00C30CD9 /* Frameworks */,
				E901183D2AEB09FE00C30CD9 /* Resources */,
			);
			buildRules = (
			);
			dependencies = (
			);
			name = DetectImageSimilarities;
			productName = DetectImageSimilarities;
			productReference = E901183F2AEB09FE00C30CD9 /* DetectImageSimilarities.app */;
			productType = "com.apple.product-type.application";
		};
/* End PBXNativeTarget section */

/* Begin PBXProject section */
		E90118372AEB09FE00C30CD9 /* Project object */ = {
			isa = PBXProject;
			attributes = {
				BuildIndependentTargetsInParallel = 1;
				LastSwiftUpdateCheck = 1500;
				LastUpgradeCheck = 1500;
				TargetAttributes = {
					E901183E2AEB09FE00C30CD9 = {
						CreatedOnToolsVersion = 15.0.1;
					};
				};
			};
			buildConfigurationList = E901183A2AEB09FE00C30CD9 /* Build configuration list for PBXProject "DetectImageSimilarities" */;
			compatibilityVersion = "Xcode 14.0";
			developmentRegion = en;
			hasScannedForEncodings = 0;
			knownRegions = (
				en,
				Base,
			);
			mainGroup = E90118362AEB09FE00C30CD9;
			productRefGroup = E90118402AEB09FE00C30CD9 /* Products */;
			projectDirPath = "";
			projectRoot = "";
			targets = (
				E901183E2AEB09FE00C30CD9 /* DetectImageSimilarities */,
			);
		};
/* End PBXProject section */

/* Begin PBXResourcesBuildPhase section */
		E901183D2AEB09FE00C30CD9 /* Resources */ = {
			isa = PBXResourcesBuildPhase;
			buildActionMask = 2147483647;
			files = (
				E901184A2AEB09FF00C30CD9 /* Preview Assets.xcassets in Resources */,
				E90118472AEB09FF00C30CD9 /* Assets.xcassets in Resources */,
			);
			runOnlyForDeploymentPostprocessing = 0;
		};
/* End PBXResourcesBuildPhase section */

/* Begin PBXSourcesBuildPhase section */
		E901183B2AEB09FE00C30CD9 /* Sources */ = {
			isa = PBXSourcesBuildPhase;
			buildActionMask = 2147483647;
			files = (
				E9A2E7CE2AFC20A700323ECD /* ImageProcessModel.swift in Sources */,
				E9D9914B2B02BAD6006EB256 /* AuthorizationStatus.swift in Sources */,
				E98CA6932AEC575E00BC95BC /* PhotosPermission.swift in Sources */,
				E90118452AEB09FE00C30CD9 /* PhotoCollectionView.swift in Sources */,
				E90118432AEB09FE00C30CD9 /* DetectImageSimilaritiesApp.swift in Sources */,
				E9D991462B02B8F7006EB256 /* ImageModel.swift in Sources */,
				E98CA6912AEC572E00BC95BC /* PermissionProtocol.swift in Sources */,
				E9A7F9AC2B00131900BE1119 /* Extension+Array.swift in Sources */,
				E95FEA3A2AEDB54C003BB115 /* PhotoAssetModel.swift in Sources */,
				E9D991492B02BAB9006EB256 /* ProcessingState.swift in Sources */,
				E98CA68D2AEC4AEE00BC95BC /* PhotoCollectionViewModel.swift in Sources */,
			);
			runOnlyForDeploymentPostprocessing = 0;
		};
/* End PBXSourcesBuildPhase section */

/* Begin XCBuildConfiguration section */
		E901184B2AEB09FF00C30CD9 /* Debug */ = {
			isa = XCBuildConfiguration;
			buildSettings = {
				ALWAYS_SEARCH_USER_PATHS = NO;
				ASSETCATALOG_COMPILER_GENERATE_SWIFT_ASSET_SYMBOL_EXTENSIONS = YES;
				CLANG_ANALYZER_NONNULL = YES;
				CLANG_ANALYZER_NUMBER_OBJECT_CONVERSION = YES_AGGRESSIVE;
				CLANG_CXX_LANGUAGE_STANDARD = "gnu++20";
				CLANG_ENABLE_MODULES = YES;
				CLANG_ENABLE_OBJC_ARC = YES;
				CLANG_ENABLE_OBJC_WEAK = YES;
				CLANG_WARN_BLOCK_CAPTURE_AUTORELEASING = YES;
				CLANG_WARN_BOOL_CONVERSION = YES;
				CLANG_WARN_COMMA = YES;
				CLANG_WARN_CONSTANT_CONVERSION = YES;
				CLANG_WARN_DEPRECATED_OBJC_IMPLEMENTATIONS = YES;
				CLANG_WARN_DIRECT_OBJC_ISA_USAGE = YES_ERROR;
				CLANG_WARN_DOCUMENTATION_COMMENTS = YES;
				CLANG_WARN_EMPTY_BODY = YES;
				CLANG_WARN_ENUM_CONVERSION = YES;
				CLANG_WARN_INFINITE_RECURSION = YES;
				CLANG_WARN_INT_CONVERSION = YES;
				CLANG_WARN_NON_LITERAL_NULL_CONVERSION = YES;
				CLANG_WARN_OBJC_IMPLICIT_RETAIN_SELF = YES;
				CLANG_WARN_OBJC_LITERAL_CONVERSION = YES;
				CLANG_WARN_OBJC_ROOT_CLASS = YES_ERROR;
				CLANG_WARN_QUOTED_INCLUDE_IN_FRAMEWORK_HEADER = YES;
				CLANG_WARN_RANGE_LOOP_ANALYSIS = YES;
				CLANG_WARN_STRICT_PROTOTYPES = YES;
				CLANG_WARN_SUSPICIOUS_MOVE = YES;
				CLANG_WARN_UNGUARDED_AVAILABILITY = YES_AGGRESSIVE;
				CLANG_WARN_UNREACHABLE_CODE = YES;
				CLANG_WARN__DUPLICATE_METHOD_MATCH = YES;
				COPY_PHASE_STRIP = NO;
				DEBUG_INFORMATION_FORMAT = dwarf;
				ENABLE_STRICT_OBJC_MSGSEND = YES;
				ENABLE_TESTABILITY = YES;
				ENABLE_USER_SCRIPT_SANDBOXING = YES;
				GCC_C_LANGUAGE_STANDARD = gnu17;
				GCC_DYNAMIC_NO_PIC = NO;
				GCC_NO_COMMON_BLOCKS = YES;
				GCC_OPTIMIZATION_LEVEL = 0;
				GCC_PREPROCESSOR_DEFINITIONS = (
					"DEBUG=1",
					"$(inherited)",
				);
				GCC_WARN_64_TO_32_BIT_CONVERSION = YES;
				GCC_WARN_ABOUT_RETURN_TYPE = YES_ERROR;
				GCC_WARN_UNDECLARED_SELECTOR = YES;
				GCC_WARN_UNINITIALIZED_AUTOS = YES_AGGRESSIVE;
				GCC_WARN_UNUSED_FUNCTION = YES;
				GCC_WARN_UNUSED_VARIABLE = YES;
				IPHONEOS_DEPLOYMENT_TARGET = 17.0;
				LOCALIZATION_PREFERS_STRING_CATALOGS = YES;
				MTL_ENABLE_DEBUG_INFO = INCLUDE_SOURCE;
				MTL_FAST_MATH = YES;
				ONLY_ACTIVE_ARCH = YES;
				SDKROOT = iphoneos;
				SWIFT_ACTIVE_COMPILATION_CONDITIONS = "DEBUG $(inherited)";
				SWIFT_OPTIMIZATION_LEVEL = "-Onone";
			};
			name = Debug;
		};
		E901184C2AEB09FF00C30CD9 /* Release */ = {
			isa = XCBuildConfiguration;
			buildSettings = {
				ALWAYS_SEARCH_USER_PATHS = NO;
				ASSETCATALOG_COMPILER_GENERATE_SWIFT_ASSET_SYMBOL_EXTENSIONS = YES;
				CLANG_ANALYZER_NONNULL = YES;
				CLANG_ANALYZER_NUMBER_OBJECT_CONVERSION = YES_AGGRESSIVE;
				CLANG_CXX_LANGUAGE_STANDARD = "gnu++20";
				CLANG_ENABLE_MODULES = YES;
				CLANG_ENABLE_OBJC_ARC = YES;
				CLANG_ENABLE_OBJC_WEAK = YES;
				CLANG_WARN_BLOCK_CAPTURE_AUTORELEASING = YES;
				CLANG_WARN_BOOL_CONVERSION = YES;
				CLANG_WARN_COMMA = YES;
				CLANG_WARN_CONSTANT_CONVERSION = YES;
				CLANG_WARN_DEPRECATED_OBJC_IMPLEMENTATIONS = YES;
				CLANG_WARN_DIRECT_OBJC_ISA_USAGE = YES_ERROR;
				CLANG_WARN_DOCUMENTATION_COMMENTS = YES;
				CLANG_WARN_EMPTY_BODY = YES;
				CLANG_WARN_ENUM_CONVERSION = YES;
				CLANG_WARN_INFINITE_RECURSION = YES;
				CLANG_WARN_INT_CONVERSION = YES;
				CLANG_WARN_NON_LITERAL_NULL_CONVERSION = YES;
				CLANG_WARN_OBJC_IMPLICIT_RETAIN_SELF = YES;
				CLANG_WARN_OBJC_LITERAL_CONVERSION = YES;
				CLANG_WARN_OBJC_ROOT_CLASS = YES_ERROR;
				CLANG_WARN_QUOTED_INCLUDE_IN_FRAMEWORK_HEADER = YES;
				CLANG_WARN_RANGE_LOOP_ANALYSIS = YES;
				CLANG_WARN_STRICT_PROTOTYPES = YES;
				CLANG_WARN_SUSPICIOUS_MOVE = YES;
				CLANG_WARN_UNGUARDED_AVAILABILITY = YES_AGGRESSIVE;
				CLANG_WARN_UNREACHABLE_CODE = YES;
				CLANG_WARN__DUPLICATE_METHOD_MATCH = YES;
				COPY_PHASE_STRIP = NO;
				DEBUG_INFORMATION_FORMAT = "dwarf-with-dsym";
				ENABLE_NS_ASSERTIONS = NO;
				ENABLE_STRICT_OBJC_MSGSEND = YES;
				ENABLE_USER_SCRIPT_SANDBOXING = YES;
				GCC_C_LANGUAGE_STANDARD = gnu17;
				GCC_NO_COMMON_BLOCKS = YES;
				GCC_WARN_64_TO_32_BIT_CONVERSION = YES;
				GCC_WARN_ABOUT_RETURN_TYPE = YES_ERROR;
				GCC_WARN_UNDECLARED_SELECTOR = YES;
				GCC_WARN_UNINITIALIZED_AUTOS = YES_AGGRESSIVE;
				GCC_WARN_UNUSED_FUNCTION = YES;
				GCC_WARN_UNUSED_VARIABLE = YES;
				IPHONEOS_DEPLOYMENT_TARGET = 17.0;
				LOCALIZATION_PREFERS_STRING_CATALOGS = YES;
				MTL_ENABLE_DEBUG_INFO = NO;
				MTL_FAST_MATH = YES;
				SDKROOT = iphoneos;
				SWIFT_COMPILATION_MODE = wholemodule;
				VALIDATE_PRODUCT = YES;
			};
			name = Release;
		};
		E901184E2AEB09FF00C30CD9 /* Debug */ = {
			isa = XCBuildConfiguration;
			buildSettings = {
				ASSETCATALOG_COMPILER_APPICON_NAME = AppIcon;
				ASSETCATALOG_COMPILER_GLOBAL_ACCENT_COLOR_NAME = AccentColor;
				CODE_SIGN_STYLE = Automatic;
				CURRENT_PROJECT_VERSION = 1;
				DEVELOPMENT_ASSET_PATHS = "\"DetectImageSimilarities/Preview Content\"";
				DEVELOPMENT_TEAM = 8F8TZUV25Z;
				ENABLE_PREVIEWS = YES;
				GENERATE_INFOPLIST_FILE = YES;
				INFOPLIST_KEY_NSPhotoLibraryUsageDescription = "Please grant us access to your photo library to enable us to provide you with a better experience and to access your photos for comparing and finding duplicates.";
				INFOPLIST_KEY_UIApplicationSceneManifest_Generation = YES;
				INFOPLIST_KEY_UIApplicationSupportsIndirectInputEvents = YES;
				INFOPLIST_KEY_UILaunchScreen_Generation = YES;
				INFOPLIST_KEY_UISupportedInterfaceOrientations_iPad = "UIInterfaceOrientationPortrait UIInterfaceOrientationPortraitUpsideDown UIInterfaceOrientationLandscapeLeft UIInterfaceOrientationLandscapeRight";
				INFOPLIST_KEY_UISupportedInterfaceOrientations_iPhone = "UIInterfaceOrientationPortrait UIInterfaceOrientationLandscapeLeft UIInterfaceOrientationLandscapeRight";
				LD_RUNPATH_SEARCH_PATHS = (
					"$(inherited)",
					"@executable_path/Frameworks",
				);
				MARKETING_VERSION = 1.0;
				PRODUCT_BUNDLE_IDENTIFIER = com.mculha.DetectImageSimilarities;
				PRODUCT_NAME = "$(TARGET_NAME)";
				SWIFT_EMIT_LOC_STRINGS = YES;
				SWIFT_VERSION = 5.0;
				TARGETED_DEVICE_FAMILY = "1,2";
			};
			name = Debug;
		};
		E901184F2AEB09FF00C30CD9 /* Release */ = {
			isa = XCBuildConfiguration;
			buildSettings = {
				ASSETCATALOG_COMPILER_APPICON_NAME = AppIcon;
				ASSETCATALOG_COMPILER_GLOBAL_ACCENT_COLOR_NAME = AccentColor;
				CODE_SIGN_STYLE = Automatic;
				CURRENT_PROJECT_VERSION = 1;
				DEVELOPMENT_ASSET_PATHS = "\"DetectImageSimilarities/Preview Content\"";
				DEVELOPMENT_TEAM = 8F8TZUV25Z;
				ENABLE_PREVIEWS = YES;
				GENERATE_INFOPLIST_FILE = YES;
				INFOPLIST_KEY_NSPhotoLibraryUsageDescription = "Please grant us access to your photo library to enable us to provide you with a better experience and to access your photos for comparing and finding duplicates.";
				INFOPLIST_KEY_UIApplicationSceneManifest_Generation = YES;
				INFOPLIST_KEY_UIApplicationSupportsIndirectInputEvents = YES;
				INFOPLIST_KEY_UILaunchScreen_Generation = YES;
				INFOPLIST_KEY_UISupportedInterfaceOrientations_iPad = "UIInterfaceOrientationPortrait UIInterfaceOrientationPortraitUpsideDown UIInterfaceOrientationLandscapeLeft UIInterfaceOrientationLandscapeRight";
				INFOPLIST_KEY_UISupportedInterfaceOrientations_iPhone = "UIInterfaceOrientationPortrait UIInterfaceOrientationLandscapeLeft UIInterfaceOrientationLandscapeRight";
				LD_RUNPATH_SEARCH_PATHS = (
					"$(inherited)",
					"@executable_path/Frameworks",
				);
				MARKETING_VERSION = 1.0;
				PRODUCT_BUNDLE_IDENTIFIER = com.mculha.DetectImageSimilarities;
				PRODUCT_NAME = "$(TARGET_NAME)";
				SWIFT_EMIT_LOC_STRINGS = YES;
				SWIFT_VERSION = 5.0;
				TARGETED_DEVICE_FAMILY = "1,2";
			};
			name = Release;
		};
/* End XCBuildConfiguration section */

/* Begin XCConfigurationList section */
		E901183A2AEB09FE00C30CD9 /* Build configuration list for PBXProject "DetectImageSimilarities" */ = {
			isa = XCConfigurationList;
			buildConfigurations = (
				E901184B2AEB09FF00C30CD9 /* Debug */,
				E901184C2AEB09FF00C30CD9 /* Release */,
			);
			defaultConfigurationIsVisible = 0;
			defaultConfigurationName = Release;
		};
		E901184D2AEB09FF00C30CD9 /* Build configuration list for PBXNativeTarget "DetectImageSimilarities" */ = {
			isa = XCConfigurationList;
			buildConfigurations = (
				E901184E2AEB09FF00C30CD9 /* Debug */,
				E901184F2AEB09FF00C30CD9 /* Release */,
			);
			defaultConfigurationIsVisible = 0;
			defaultConfigurationName = Release;
		};
/* End XCConfigurationList section */
	};
	rootObject = E90118372AEB09FE00C30CD9 /* Project object */;
}
